
Microsoft Visual Studio Solution File, Format Version 12.00
# Visual Studio 15
VisualStudioVersion = 15.0.26430.15
MinimumVisualStudioVersion = 10.0.40219.1
Project("{FAE04EC0-301F-11D3-BF4B-00C04F79EFBC}") = "KTigersTV.Android", "KTigersTV\KTigersTV.Android\KTigersTV.Android.csproj", "{5E1C5CD1-76BF-41BA-A7D7-4929E724D39D}"
EndProject
Project("{FAE04EC0-301F-11D3-BF4B-00C04F79EFBC}") = "KTigersTV", "KTigersTV\KTigersTV\KTigersTV.csproj", "{358DB837-E805-4AF1-AEEF-D6679420C103}"
EndProject
Project("{FAE04EC0-301F-11D3-BF4B-00C04F79EFBC}") = "KTigersTV.UWP", "KTigersTV\KTigersTV.UWP\KTigersTV.UWP.csproj", "{2AAB864D-050D-47B5-A005-0DF12C8ADDC4}"
EndProject
Project("{FAE04EC0-301F-11D3-BF4B-00C04F79EFBC}") = "KTigersTV.iOS", "KTigersTV\KTigersTV.iOS\KTigersTV.iOS.csproj", "{177EE204-4288-407E-A6B8-5C78473FA2B1}"
EndProject
Global
	GlobalSection(SolutionConfigurationPlatforms) = preSolution
		Ad-Hoc|Any CPU = Ad-Hoc|Any CPU
		Ad-Hoc|ARM = Ad-Hoc|ARM
		Ad-Hoc|iPhone = Ad-Hoc|iPhone
		Ad-Hoc|iPhoneSimulator = Ad-Hoc|iPhoneSimulator
		Ad-Hoc|x64 = Ad-Hoc|x64
		Ad-Hoc|x86 = Ad-Hoc|x86
		AppStore|Any CPU = AppStore|Any CPU
		AppStore|ARM = AppStore|ARM
		AppStore|iPhone = AppStore|iPhone
		AppStore|iPhoneSimulator = AppStore|iPhoneSimulator
		AppStore|x64 = AppStore|x64
		AppStore|x86 = AppStore|x86
		Debug|Any CPU = Debug|Any CPU
		Debug|ARM = Debug|ARM
		Debug|iPhone = Debug|iPhone
		Debug|iPhoneSimulator = Debug|iPhoneSimulator
		Debug|x64 = Debug|x64
		Debug|x86 = Debug|x86
		Release|Any CPU = Release|Any CPU
		Release|ARM = Release|ARM
		Release|iPhone = Release|iPhone
		Release|iPhoneSimulator = Release|iPhoneSimulator
		Release|x64 = Release|x64
		Release|x86 = Release|x86
	EndGlobalSection
	GlobalSection(ProjectConfigurationPlatforms) = postSolution
		{5E1C5CD1-76BF-41BA-A7D7-4929E724D39D}.Ad-Hoc|Any CPU.ActiveCfg = Release|Any CPU
		{5E1C5CD1-76BF-41BA-A7D7-4929E724D39D}.Ad-Hoc|Any CPU.Build.0 = Release|Any CPU
		{5E1C5CD1-76BF-41BA-A7D7-4929E724D39D}.Ad-Hoc|Any CPU.Deploy.0 = Release|Any CPU
		{5E1C5CD1-76BF-41BA-A7D7-4929E724D39D}.Ad-Hoc|ARM.ActiveCfg = Release|Any CPU
		{5E1C5CD1-76BF-41BA-A7D7-4929E724D39D}.Ad-Hoc|ARM.Build.0 = Release|Any CPU
		{5E1C5CD1-76BF-41BA-A7D7-4929E724D39D}.Ad-Hoc|ARM.Deploy.0 = Release|Any CPU
		{5E1C5CD1-76BF-41BA-A7D7-4929E724D39D}.Ad-Hoc|iPhone.ActiveCfg = Release|Any CPU
		{5E1C5CD1-76BF-41BA-A7D7-4929E724D39D}.Ad-Hoc|iPhone.Build.0 = Release|Any CPU
		{5E1C5CD1-76BF-41BA-A7D7-4929E724D39D}.Ad-Hoc|iPhone.Deploy.0 = Release|Any CPU
		{5E1C5CD1-76BF-41BA-A7D7-4929E724D39D}.Ad-Hoc|iPhoneSimulator.ActiveCfg = Release|Any CPU
		{5E1C5CD1-76BF-41BA-A7D7-4929E724D39D}.Ad-Hoc|iPhoneSimulator.Build.0 = Release|Any CPU
		{5E1C5CD1-76BF-41BA-A7D7-4929E724D39D}.Ad-Hoc|iPhoneSimulator.Deploy.0 = Release|Any CPU
		{5E1C5CD1-76BF-41BA-A7D7-4929E724D39D}.Ad-Hoc|x64.ActiveCfg = Release|Any CPU
		{5E1C5CD1-76BF-41BA-A7D7-4929E724D39D}.Ad-Hoc|x64.Build.0 = Release|Any CPU
		{5E1C5CD1-76BF-41BA-A7D7-4929E724D39D}.Ad-Hoc|x64.Deploy.0 = Release|Any CPU
		{5E1C5CD1-76BF-41BA-A7D7-4929E724D39D}.Ad-Hoc|x86.ActiveCfg = Release|Any CPU
		{5E1C5CD1-76BF-41BA-A7D7-4929E724D39D}.Ad-Hoc|x86.Build.0 = Release|Any CPU
		{5E1C5CD1-76BF-41BA-A7D7-4929E724D39D}.Ad-Hoc|x86.Deploy.0 = Release|Any CPU
		{5E1C5CD1-76BF-41BA-A7D7-4929E724D39D}.AppStore|Any CPU.ActiveCfg = Release|Any CPU
		{5E1C5CD1-76BF-41BA-A7D7-4929E724D39D}.AppStore|Any CPU.Build.0 = Release|Any CPU
		{5E1C5CD1-76BF-41BA-A7D7-4929E724D39D}.AppStore|Any CPU.Deploy.0 = Release|Any CPU
		{5E1C5CD1-76BF-41BA-A7D7-4929E724D39D}.AppStore|ARM.ActiveCfg = Release|Any CPU
		{5E1C5CD1-76BF-41BA-A7D7-4929E724D39D}.AppStore|ARM.Build.0 = Release|Any CPU
		{5E1C5CD1-76BF-41BA-A7D7-4929E724D39D}.AppStore|ARM.Deploy.0 = Release|Any CPU
		{5E1C5CD1-76BF-41BA-A7D7-4929E724D39D}.AppStore|iPhone.ActiveCfg = Release|Any CPU
		{5E1C5CD1-76BF-41BA-A7D7-4929E724D39D}.AppStore|iPhone.Build.0 = Release|Any CPU
		{5E1C5CD1-76BF-41BA-A7D7-4929E724D39D}.AppStore|iPhone.Deploy.0 = Release|Any CPU
		{5E1C5CD1-76BF-41BA-A7D7-4929E724D39D}.AppStore|iPhoneSimulator.ActiveCfg = Release|Any CPU
		{5E1C5CD1-76BF-41BA-A7D7-4929E724D39D}.AppStore|iPhoneSimulator.Build.0 = Release|Any CPU
		{5E1C5CD1-76BF-41BA-A7D7-4929E724D39D}.AppStore|iPhoneSimulator.Deploy.0 = Release|Any CPU
		{5E1C5CD1-76BF-41BA-A7D7-4929E724D39D}.AppStore|x64.ActiveCfg = Release|Any CPU
		{5E1C5CD1-76BF-41BA-A7D7-4929E724D39D}.AppStore|x64.Build.0 = Release|Any CPU
		{5E1C5CD1-76BF-41BA-A7D7-4929E724D39D}.AppStore|x64.Deploy.0 = Release|Any CPU
		{5E1C5CD1-76BF-41BA-A7D7-4929E724D39D}.AppStore|x86.ActiveCfg = Release|Any CPU
		{5E1C5CD1-76BF-41BA-A7D7-4929E724D39D}.AppStore|x86.Build.0 = Release|Any CPU
		{5E1C5CD1-76BF-41BA-A7D7-4929E724D39D}.AppStore|x86.Deploy.0 = Release|Any CPU
		{5E1C5CD1-76BF-41BA-A7D7-4929E724D39D}.Debug|Any CPU.ActiveCfg = Debug|Any CPU
		{5E1C5CD1-76BF-41BA-A7D7-4929E724D39D}.Debug|Any CPU.Build.0 = Debug|Any CPU
		{5E1C5CD1-76BF-41BA-A7D7-4929E724D39D}.Debug|Any CPU.Deploy.0 = Debug|Any CPU
		{5E1C5CD1-76BF-41BA-A7D7-4929E724D39D}.Debug|ARM.ActiveCfg = Debug|Any CPU
		{5E1C5CD1-76BF-41BA-A7D7-4929E724D39D}.Debug|ARM.Build.0 = Debug|Any CPU
		{5E1C5CD1-76BF-41BA-A7D7-4929E724D39D}.Debug|ARM.Deploy.0 = Debug|Any CPU
		{5E1C5CD1-76BF-41BA-A7D7-4929E724D39D}.Debug|iPhone.ActiveCfg = Debug|Any CPU
		{5E1C5CD1-76BF-41BA-A7D7-4929E724D39D}.Debug|iPhone.Build.0 = Debug|Any CPU
		{5E1C5CD1-76BF-41BA-A7D7-4929E724D39D}.Debug|iPhone.Deploy.0 = Debug|Any CPU
		{5E1C5CD1-76BF-41BA-A7D7-4929E724D39D}.Debug|iPhoneSimulator.ActiveCfg = Debug|Any CPU
		{5E1C5CD1-76BF-41BA-A7D7-4929E724D39D}.Debug|iPhoneSimulator.Build.0 = Debug|Any CPU
		{5E1C5CD1-76BF-41BA-A7D7-4929E724D39D}.Debug|iPhoneSimulator.Deploy.0 = Debug|Any CPU
		{5E1C5CD1-76BF-41BA-A7D7-4929E724D39D}.Debug|x64.ActiveCfg = Debug|Any CPU
		{5E1C5CD1-76BF-41BA-A7D7-4929E724D39D}.Debug|x64.Build.0 = Debug|Any CPU
		{5E1C5CD1-76BF-41BA-A7D7-4929E724D39D}.Debug|x64.Deploy.0 = Debug|Any CPU
		{5E1C5CD1-76BF-41BA-A7D7-4929E724D39D}.Debug|x86.ActiveCfg = Debug|Any CPU
		{5E1C5CD1-76BF-41BA-A7D7-4929E724D39D}.Debug|x86.Build.0 = Debug|Any CPU
		{5E1C5CD1-76BF-41BA-A7D7-4929E724D39D}.Debug|x86.Deploy.0 = Debug|Any CPU
		{5E1C5CD1-76BF-41BA-A7D7-4929E724D39D}.Release|Any CPU.ActiveCfg = Release|Any CPU
		{5E1C5CD1-76BF-41BA-A7D7-4929E724D39D}.Release|Any CPU.Build.0 = Release|Any CPU
		{5E1C5CD1-76BF-41BA-A7D7-4929E724D39D}.Release|Any CPU.Deploy.0 = Release|Any CPU
		{5E1C5CD1-76BF-41BA-A7D7-4929E724D39D}.Release|ARM.ActiveCfg = Release|Any CPU
		{5E1C5CD1-76BF-41BA-A7D7-4929E724D39D}.Release|ARM.Build.0 = Release|Any CPU
		{5E1C5CD1-76BF-41BA-A7D7-4929E724D39D}.Release|ARM.Deploy.0 = Release|Any CPU
		{5E1C5CD1-76BF-41BA-A7D7-4929E724D39D}.Release|iPhone.ActiveCfg = Release|Any CPU
		{5E1C5CD1-76BF-41BA-A7D7-4929E724D39D}.Release|iPhone.Build.0 = Release|Any CPU
		{5E1C5CD1-76BF-41BA-A7D7-4929E724D39D}.Release|iPhone.Deploy.0 = Release|Any CPU
		{5E1C5CD1-76BF-41BA-A7D7-4929E724D39D}.Release|iPhoneSimulator.ActiveCfg = Release|Any CPU
		{5E1C5CD1-76BF-41BA-A7D7-4929E724D39D}.Release|iPhoneSimulator.Build.0 = Release|Any CPU
		{5E1C5CD1-76BF-41BA-A7D7-4929E724D39D}.Release|iPhoneSimulator.Deploy.0 = Release|Any CPU
		{5E1C5CD1-76BF-41BA-A7D7-4929E724D39D}.Release|x64.ActiveCfg = Release|Any CPU
		{5E1C5CD1-76BF-41BA-A7D7-4929E724D39D}.Release|x64.Build.0 = Release|Any CPU
		{5E1C5CD1-76BF-41BA-A7D7-4929E724D39D}.Release|x64.Deploy.0 = Release|Any CPU
		{5E1C5CD1-76BF-41BA-A7D7-4929E724D39D}.Release|x86.ActiveCfg = Release|Any CPU
		{5E1C5CD1-76BF-41BA-A7D7-4929E724D39D}.Release|x86.Build.0 = Release|Any CPU
		{5E1C5CD1-76BF-41BA-A7D7-4929E724D39D}.Release|x86.Deploy.0 = Release|Any CPU
		{358DB837-E805-4AF1-AEEF-D6679420C103}.Ad-Hoc|Any CPU.ActiveCfg = Release|Any CPU
		{358DB837-E805-4AF1-AEEF-D6679420C103}.Ad-Hoc|Any CPU.Build.0 = Release|Any CPU
		{358DB837-E805-4AF1-AEEF-D6679420C103}.Ad-Hoc|ARM.ActiveCfg = Release|Any CPU
		{358DB837-E805-4AF1-AEEF-D6679420C103}.Ad-Hoc|ARM.Build.0 = Release|Any CPU
		{358DB837-E805-4AF1-AEEF-D6679420C103}.Ad-Hoc|iPhone.ActiveCfg = Release|Any CPU
		{358DB837-E805-4AF1-AEEF-D6679420C103}.Ad-Hoc|iPhone.Build.0 = Release|Any CPU
		{358DB837-E805-4AF1-AEEF-D6679420C103}.Ad-Hoc|iPhoneSimulator.ActiveCfg = Release|Any CPU
		{358DB837-E805-4AF1-AEEF-D6679420C103}.Ad-Hoc|iPhoneSimulator.Build.0 = Release|Any CPU
		{358DB837-E805-4AF1-AEEF-D6679420C103}.Ad-Hoc|x64.ActiveCfg = Release|Any CPU
		{358DB837-E805-4AF1-AEEF-D6679420C103}.Ad-Hoc|x64.Build.0 = Release|Any CPU
		{358DB837-E805-4AF1-AEEF-D6679420C103}.Ad-Hoc|x86.ActiveCfg = Release|Any CPU
		{358DB837-E805-4AF1-AEEF-D6679420C103}.Ad-Hoc|x86.Build.0 = Release|Any CPU
		{358DB837-E805-4AF1-AEEF-D6679420C103}.AppStore|Any CPU.ActiveCfg = Release|Any CPU
		{358DB837-E805-4AF1-AEEF-D6679420C103}.AppStore|Any CPU.Build.0 = Release|Any CPU
		{358DB837-E805-4AF1-AEEF-D6679420C103}.AppStore|ARM.ActiveCfg = Release|Any CPU
		{358DB837-E805-4AF1-AEEF-D6679420C103}.AppStore|ARM.Build.0 = Release|Any CPU
		{358DB837-E805-4AF1-AEEF-D6679420C103}.AppStore|iPhone.ActiveCfg = Release|Any CPU
		{358DB837-E805-4AF1-AEEF-D6679420C103}.AppStore|iPhone.Build.0 = Release|Any CPU
		{358DB837-E805-4AF1-AEEF-D6679420C103}.AppStore|iPhoneSimulator.ActiveCfg = Release|Any CPU
		{358DB837-E805-4AF1-AEEF-D6679420C103}.AppStore|iPhoneSimulator.Build.0 = Release|Any CPU
		{358DB837-E805-4AF1-AEEF-D6679420C103}.AppStore|x64.ActiveCfg = Release|Any CPU
		{358DB837-E805-4AF1-AEEF-D6679420C103}.AppStore|x64.Build.0 = Release|Any CPU
		{358DB837-E805-4AF1-AEEF-D6679420C103}.AppStore|x86.ActiveCfg = Release|Any CPU
		{358DB837-E805-4AF1-AEEF-D6679420C103}.AppStore|x86.Build.0 = Release|Any CPU
		{358DB837-E805-4AF1-AEEF-D6679420C103}.Debug|Any CPU.ActiveCfg = Debug|Any CPU
		{358DB837-E805-4AF1-AEEF-D6679420C103}.Debug|Any CPU.Build.0 = Debug|Any CPU
		{358DB837-E805-4AF1-AEEF-D6679420C103}.Debug|ARM.ActiveCfg = Debug|Any CPU
		{358DB837-E805-4AF1-AEEF-D6679420C103}.Debug|ARM.Build.0 = Debug|Any CPU
		{358DB837-E805-4AF1-AEEF-D6679420C103}.Debug|iPhone.ActiveCfg = Debug|Any CPU
		{358DB837-E805-4AF1-AEEF-D6679420C103}.Debug|iPhone.Build.0 = Debug|Any CPU
		{358DB837-E805-4AF1-AEEF-D6679420C103}.Debug|iPhoneSimulator.ActiveCfg = Debug|Any CPU
		{358DB837-E805-4AF1-AEEF-D6679420C103}.Debug|iPhoneSimulator.Build.0 = Debug|Any CPU
		{358DB837-E805-4AF1-AEEF-D6679420C103}.Debug|x64.ActiveCfg = Debug|Any CPU
		{358DB837-E805-4AF1-AEEF-D6679420C103}.Debug|x64.Build.0 = Debug|Any CPU
		{358DB837-E805-4AF1-AEEF-D6679420C103}.Debug|x86.ActiveCfg = Debug|Any CPU
		{358DB837-E805-4AF1-AEEF-D6679420C103}.Debug|x86.Build.0 = Debug|Any CPU
		{358DB837-E805-4AF1-AEEF-D6679420C103}.Release|Any CPU.ActiveCfg = Release|Any CPU
		{358DB837-E805-4AF1-AEEF-D6679420C103}.Release|Any CPU.Build.0 = Release|Any CPU
		{358DB837-E805-4AF1-AEEF-D6679420C103}.Release|ARM.ActiveCfg = Release|Any CPU
		{358DB837-E805-4AF1-AEEF-D6679420C103}.Release|ARM.Build.0 = Release|Any CPU
		{358DB837-E805-4AF1-AEEF-D6679420C103}.Release|iPhone.ActiveCfg = Release|Any CPU
		{358DB837-E805-4AF1-AEEF-D6679420C103}.Release|iPhone.Build.0 = Release|Any CPU
		{358DB837-E805-4AF1-AEEF-D6679420C103}.Release|iPhoneSimulator.ActiveCfg = Release|Any CPU
		{358DB837-E805-4AF1-AEEF-D6679420C103}.Release|iPhoneSimulator.Build.0 = Release|Any CPU
		{358DB837-E805-4AF1-AEEF-D6679420C103}.Release|x64.ActiveCfg = Release|Any CPU
		{358DB837-E805-4AF1-AEEF-D6679420C103}.Release|x64.Build.0 = Release|Any CPU
		{358DB837-E805-4AF1-AEEF-D6679420C103}.Release|x86.ActiveCfg = Release|Any CPU
		{358DB837-E805-4AF1-AEEF-D6679420C103}.Release|x86.Build.0 = Release|Any CPU
		{2AAB864D-050D-47B5-A005-0DF12C8ADDC4}.Ad-Hoc|Any CPU.ActiveCfg = Release|x86
		{2AAB864D-050D-47B5-A005-0DF12C8ADDC4}.Ad-Hoc|Any CPU.Build.0 = Release|x86
		{2AAB864D-050D-47B5-A005-0DF12C8ADDC4}.Ad-Hoc|Any CPU.Deploy.0 = Release|x86
		{2AAB864D-050D-47B5-A005-0DF12C8ADDC4}.Ad-Hoc|ARM.ActiveCfg = Release|ARM
		{2AAB864D-050D-47B5-A005-0DF12C8ADDC4}.Ad-Hoc|ARM.Build.0 = Release|ARM
		{2AAB864D-050D-47B5-A005-0DF12C8ADDC4}.Ad-Hoc|ARM.Deploy.0 = Release|ARM
		{2AAB864D-050D-47B5-A005-0DF12C8ADDC4}.Ad-Hoc|iPhone.ActiveCfg = Release|x86
		{2AAB864D-050D-47B5-A005-0DF12C8ADDC4}.Ad-Hoc|iPhone.Build.0 = Release|x86
		{2AAB864D-050D-47B5-A005-0DF12C8ADDC4}.Ad-Hoc|iPhone.Deploy.0 = Release|x86
		{2AAB864D-050D-47B5-A005-0DF12C8ADDC4}.Ad-Hoc|iPhoneSimulator.ActiveCfg = Release|x86
		{2AAB864D-050D-47B5-A005-0DF12C8ADDC4}.Ad-Hoc|iPhoneSimulator.Build.0 = Release|x86
		{2AAB864D-050D-47B5-A005-0DF12C8ADDC4}.Ad-Hoc|iPhoneSimulator.Deploy.0 = Release|x86
		{2AAB864D-050D-47B5-A005-0DF12C8ADDC4}.Ad-Hoc|x64.ActiveCfg = Release|x64
		{2AAB864D-050D-47B5-A005-0DF12C8ADDC4}.Ad-Hoc|x64.Build.0 = Release|x64
		{2AAB864D-050D-47B5-A005-0DF12C8ADDC4}.Ad-Hoc|x64.Deploy.0 = Release|x64
		{2AAB864D-050D-47B5-A005-0DF12C8ADDC4}.Ad-Hoc|x86.ActiveCfg = Release|x86
		{2AAB864D-050D-47B5-A005-0DF12C8ADDC4}.Ad-Hoc|x86.Build.0 = Release|x86
		{2AAB864D-050D-47B5-A005-0DF12C8ADDC4}.Ad-Hoc|x86.Deploy.0 = Release|x86
		{2AAB864D-050D-47B5-A005-0DF12C8ADDC4}.AppStore|Any CPU.ActiveCfg = Release|x86
		{2AAB864D-050D-47B5-A005-0DF12C8ADDC4}.AppStore|Any CPU.Build.0 = Release|x86
		{2AAB864D-050D-47B5-A005-0DF12C8ADDC4}.AppStore|Any CPU.Deploy.0 = Release|x86
		{2AAB864D-050D-47B5-A005-0DF12C8ADDC4}.AppStore|ARM.ActiveCfg = Release|ARM
		{2AAB864D-050D-47B5-A005-0DF12C8ADDC4}.AppStore|ARM.Build.0 = Release|ARM
		{2AAB864D-050D-47B5-A005-0DF12C8ADDC4}.AppStore|ARM.Deploy.0 = Release|ARM
		{2AAB864D-050D-47B5-A005-0DF12C8ADDC4}.AppStore|iPhone.ActiveCfg = Release|x86
		{2AAB864D-050D-47B5-A005-0DF12C8ADDC4}.AppStore|iPhone.Build.0 = Release|x86
		{2AAB864D-050D-47B5-A005-0DF12C8ADDC4}.AppStore|iPhone.Deploy.0 = Release|x86
		{2AAB864D-050D-47B5-A005-0DF12C8ADDC4}.AppStore|iPhoneSimulator.ActiveCfg = Release|x86
		{2AAB864D-050D-47B5-A005-0DF12C8ADDC4}.AppStore|iPhoneSimulator.Build.0 = Release|x86
		{2AAB864D-050D-47B5-A005-0DF12C8ADDC4}.AppStore|iPhoneSimulator.Deploy.0 = Release|x86
		{2AAB864D-050D-47B5-A005-0DF12C8ADDC4}.AppStore|x64.ActiveCfg = Release|x64
		{2AAB864D-050D-47B5-A005-0DF12C8ADDC4}.AppStore|x64.Build.0 = Release|x64
		{2AAB864D-050D-47B5-A005-0DF12C8ADDC4}.AppStore|x64.Deploy.0 = Release|x64
		{2AAB864D-050D-47B5-A005-0DF12C8ADDC4}.AppStore|x86.ActiveCfg = Release|x86
		{2AAB864D-050D-47B5-A005-0DF12C8ADDC4}.AppStore|x86.Build.0 = Release|x86
		{2AAB864D-050D-47B5-A005-0DF12C8ADDC4}.AppStore|x86.Deploy.0 = Release|x86
		{2AAB864D-050D-47B5-A005-0DF12C8ADDC4}.Debug|Any CPU.ActiveCfg = Debug|x86
		{2AAB864D-050D-47B5-A005-0DF12C8ADDC4}.Debug|ARM.ActiveCfg = Debug|ARM
		{2AAB864D-050D-47B5-A005-0DF12C8ADDC4}.Debug|ARM.Build.0 = Debug|ARM
		{2AAB864D-050D-47B5-A005-0DF12C8ADDC4}.Debug|ARM.Deploy.0 = Debug|ARM
		{2AAB864D-050D-47B5-A005-0DF12C8ADDC4}.Debug|iPhone.ActiveCfg = Debug|x86
		{2AAB864D-050D-47B5-A005-0DF12C8ADDC4}.Debug|iPhoneSimulator.ActiveCfg = Debug|x86
		{2AAB864D-050D-47B5-A005-0DF12C8ADDC4}.Debug|x64.ActiveCfg = Debug|x64
		{2AAB864D-050D-47B5-A005-0DF12C8ADDC4}.Debug|x64.Build.0 = Debug|x64
		{2AAB864D-050D-47B5-A005-0DF12C8ADDC4}.Debug|x64.Deploy.0 = Debug|x64
		{2AAB864D-050D-47B5-A005-0DF12C8ADDC4}.Debug|x86.ActiveCfg = Debug|x86
		{2AAB864D-050D-47B5-A005-0DF12C8ADDC4}.Debug|x86.Build.0 = Debug|x86
		{2AAB864D-050D-47B5-A005-0DF12C8ADDC4}.Debug|x86.Deploy.0 = Debug|x86
		{2AAB864D-050D-47B5-A005-0DF12C8ADDC4}.Release|Any CPU.ActiveCfg = Release|x86
		{2AAB864D-050D-47B5-A005-0DF12C8ADDC4}.Release|ARM.ActiveCfg = Release|ARM
		{2AAB864D-050D-47B5-A005-0DF12C8ADDC4}.Release|ARM.Build.0 = Release|ARM
		{2AAB864D-050D-47B5-A005-0DF12C8ADDC4}.Release|ARM.Deploy.0 = Release|ARM
		{2AAB864D-050D-47B5-A005-0DF12C8ADDC4}.Release|iPhone.ActiveCfg = Release|x86
		{2AAB864D-050D-47B5-A005-0DF12C8ADDC4}.Release|iPhoneSimulator.ActiveCfg = Release|x86
		{2AAB864D-050D-47B5-A005-0DF12C8ADDC4}.Release|x64.ActiveCfg = Release|x64
		{2AAB864D-050D-47B5-A005-0DF12C8ADDC4}.Release|x64.Build.0 = Release|x64
		{2AAB864D-050D-47B5-A005-0DF12C8ADDC4}.Release|x64.Deploy.0 = Release|x64
		{2AAB864D-050D-47B5-A005-0DF12C8ADDC4}.Release|x86.ActiveCfg = Release|x86
		{2AAB864D-050D-47B5-A005-0DF12C8ADDC4}.Release|x86.Build.0 = Release|x86
		{2AAB864D-050D-47B5-A005-0DF12C8ADDC4}.Release|x86.Deploy.0 = Release|x86
		{177EE204-4288-407E-A6B8-5C78473FA2B1}.Ad-Hoc|Any CPU.ActiveCfg = Ad-Hoc|iPhone
		{177EE204-4288-407E-A6B8-5C78473FA2B1}.Ad-Hoc|ARM.ActiveCfg = Ad-Hoc|iPhone
		{177EE204-4288-407E-A6B8-5C78473FA2B1}.Ad-Hoc|iPhone.ActiveCfg = Ad-Hoc|iPhone
		{177EE204-4288-407E-A6B8-5C78473FA2B1}.Ad-Hoc|iPhone.Build.0 = Ad-Hoc|iPhone
		{177EE204-4288-407E-A6B8-5C78473FA2B1}.Ad-Hoc|iPhoneSimulator.ActiveCfg = Ad-Hoc|iPhoneSimulator
		{177EE204-4288-407E-A6B8-5C78473FA2B1}.Ad-Hoc|iPhoneSimulator.Build.0 = Ad-Hoc|iPhoneSimulator
		{177EE204-4288-407E-A6B8-5C78473FA2B1}.Ad-Hoc|x64.ActiveCfg = Ad-Hoc|iPhone
		{177EE204-4288-407E-A6B8-5C78473FA2B1}.Ad-Hoc|x86.ActiveCfg = Ad-Hoc|iPhone
		{177EE204-4288-407E-A6B8-5C78473FA2B1}.AppStore|Any CPU.ActiveCfg = AppStore|iPhone
		{177EE204-4288-407E-A6B8-5C78473FA2B1}.AppStore|ARM.ActiveCfg = AppStore|iPhone
		{177EE204-4288-407E-A6B8-5C78473FA2B1}.AppStore|iPhone.ActiveCfg = AppStore|iPhone
		{177EE204-4288-407E-A6B8-5C78473FA2B1}.AppStore|iPhone.Build.0 = AppStore|iPhone
		{177EE204-4288-407E-A6B8-5C78473FA2B1}.AppStore|iPhoneSimulator.ActiveCfg = AppStore|iPhoneSimulator
		{177EE204-4288-407E-A6B8-5C78473FA2B1}.AppStore|iPhoneSimulator.Build.0 = AppStore|iPhoneSimulator
		{177EE204-4288-407E-A6B8-5C78473FA2B1}.AppStore|x64.ActiveCfg = AppStore|iPhone
		{177EE204-4288-407E-A6B8-5C78473FA2B1}.AppStore|x86.ActiveCfg = AppStore|iPhone
		{177EE204-4288-407E-A6B8-5C78473FA2B1}.Debug|Any CPU.ActiveCfg = Debug|iPhone
		{177EE204-4288-407E-A6B8-5C78473FA2B1}.Debug|ARM.ActiveCfg = Debug|iPhone
		{177EE204-4288-407E-A6B8-5C78473FA2B1}.Debug|iPhone.ActiveCfg = Debug|iPhone
		{177EE204-4288-407E-A6B8-5C78473FA2B1}.Debug|iPhone.Build.0 = Debug|iPhone
		{177EE204-4288-407E-A6B8-5C78473FA2B1}.Debug|iPhoneSimulator.ActiveCfg = Debug|iPhoneSimulator
		{177EE204-4288-407E-A6B8-5C78473FA2B1}.Debug|iPhoneSimulator.Build.0 = Debug|iPhoneSimulator
		{177EE204-4288-407E-A6B8-5C78473FA2B1}.Debug|x64.ActiveCfg = Debug|iPhone
		{177EE204-4288-407E-A6B8-5C78473FA2B1}.Debug|x86.ActiveCfg = Debug|iPhone
		{177EE204-4288-407E-A6B8-5C78473FA2B1}.Release|Any CPU.ActiveCfg = Release|iPhone
		{177EE204-4288-407E-A6B8-5C78473FA2B1}.Release|ARM.ActiveCfg = Release|iPhone
		{177EE204-4288-407E-A6B8-5C78473FA2B1}.Release|iPhone.ActiveCfg = Release|iPhone
		{177EE204-4288-407E-A6B8-5C78473FA2B1}.Release|iPhone.Build.0 = Release|iPhone
		{177EE204-4288-407E-A6B8-5C78473FA2B1}.Release|iPhoneSimulator.ActiveCfg = Release|iPhoneSimulator
		{177EE204-4288-407E-A6B8-5C78473FA2B1}.Release|iPhoneSimulator.Build.0 = Release|iPhoneSimulator
		{177EE204-4288-407E-A6B8-5C78473FA2B1}.Release|x64.ActiveCfg = Release|iPhone
		{177EE204-4288-407E-A6B8-5C78473FA2B1}.Release|x86.ActiveCfg = Release|iPhone
	EndGlobalSection
	GlobalSection(SolutionProperties) = preSolution
		HideSolutionNode = FALSE
	EndGlobalSection
EndGlobal
